
Microsoft Visual Studio Solution File, Format Version 12.00
# Visual Studio Version 17
VisualStudioVersion = 17.9.34701.34
MinimumVisualStudioVersion = 10.0.40219.1
Project("{9A19103F-16F7-4668-BE54-9A1E7A4F7556}") = "MessageBoardApi", "MessageBoardApi\MessageBoardApi.csproj", "{DB98A0FB-A3D9-4907-8809-C0EE0882BB14}"
EndProject
Project("{FAE04EC0-301F-11D3-BF4B-00C04F79EFBC}") = "Data", "Data\Data.csproj", "{687EB9EF-0062-44D5-85F6-6C08AA576385}"
EndProject
Project("{FAE04EC0-301F-11D3-BF4B-00C04F79EFBC}") = "Models", "Models\Models.csproj", "{6765E4BD-B541-4252-AF6B-56B503896417}"
EndProject
Global
	GlobalSection(SolutionConfigurationPlatforms) = preSolution
		Debug|Any CPU = Debug|Any CPU
		Release|Any CPU = Release|Any CPU
	EndGlobalSection
	GlobalSection(ProjectConfigurationPlatforms) = postSolution
		{DB98A0FB-A3D9-4907-8809-C0EE0882BB14}.Debug|Any CPU.ActiveCfg = Debug|Any CPU
		{DB98A0FB-A3D9-4907-8809-C0EE0882BB14}.Debug|Any CPU.Build.0 = Debug|Any CPU
		{DB98A0FB-A3D9-4907-8809-C0EE0882BB14}.Release|Any CPU.ActiveCfg = Release|Any CPU
		{DB98A0FB-A3D9-4907-8809-C0EE0882BB14}.Release|Any CPU.Build.0 = Release|Any CPU
		{687EB9EF-0062-44D5-85F6-6C08AA576385}.Debug|Any CPU.ActiveCfg = Debug|Any CPU
		{687EB9EF-0062-44D5-85F6-6C08AA576385}.Debug|Any CPU.Build.0 = Debug|Any CPU
		{687EB9EF-0062-44D5-85F6-6C08AA576385}.Release|Any CPU.ActiveCfg = Release|Any CPU
		{687EB9EF-0062-44D5-85F6-6C08AA576385}.Release|Any CPU.Build.0 = Release|Any CPU
		{6765E4BD-B541-4252-AF6B-56B503896417}.Debug|Any CPU.ActiveCfg = Debug|Any CPU
		{6765E4BD-B541-4252-AF6B-56B503896417}.Debug|Any CPU.Build.0 = Debug|Any CPU
		{6765E4BD-B541-4252-AF6B-56B503896417}.Release|Any CPU.ActiveCfg = Release|Any CPU
		{6765E4BD-B541-4252-AF6B-56B503896417}.Release|Any CPU.Build.0 = Release|Any CPU
	EndGlobalSection
	GlobalSection(SolutionProperties) = preSolution
		HideSolutionNode = FALSE
	EndGlobalSection
	GlobalSection(ExtensibilityGlobals) = postSolution
		SolutionGuid = {313A6F76-F0E7-40CA-817A-1587B8AB3F95}
	EndGlobalSection
EndGlobal
